
Microsoft Visual Studio Solution File, Format Version 12.00
# Visual Studio Version 17
VisualStudioVersion = 17.8.34309.116
MinimumVisualStudioVersion = 10.0.40219.1
Project("{8BC9CEB8-8B4A-11D0-8D11-00A0C91BC942}") = "Program", "Program.vcxproj", "{5C88AC39-0176-4CEE-91EE-A508C4FE484D}"
EndProject
Project("{8BC9CEB8-8B4A-11D0-8D11-00A0C91BC942}") = "Class1th (GetAsyncKeyState)", "..\Class1th (GetAsyncKeyState)\Class1th (GetAsyncKeyState).vcxproj", "{E4E49E12-565A-4448-A1AC-8404A6ACF881}"
EndProject
Project("{8BC9CEB8-8B4A-11D0-8D11-00A0C91BC942}") = "Class2th (Double Buffering)", "..\Class2th (Double Buffering)\Class2th (Double Buffering).vcxproj", "{BA751619-81B6-4EB9-B618-C2D197ACA799}"
EndProject
Project("{8BC9CEB8-8B4A-11D0-8D11-00A0C91BC942}") = "Class3th (Maze Game)", "..\Class3th (Maze Game)\Class3th (Maze Game).vcxproj", "{13D85187-AACE-4F53-B18A-D523870401DF}"
EndProject
Project("{8BC9CEB8-8B4A-11D0-8D11-00A0C91BC942}") = "Class4th (File Input and Output)", "..\Class4th (File input and Output)\Class4th (File input and Output).vcxproj", "{D19C497E-176E-46BB-812B-24D03D4125D7}"
EndProject
Project("{8BC9CEB8-8B4A-11D0-8D11-00A0C91BC942}") = "Game", "..\Game\Game.vcxproj", "{B63D10EF-4594-49CD-86D5-ED3ABCF9E03F}"
EndProject
Project("{8BC9CEB8-8B4A-11D0-8D11-00A0C91BC942}") = "Game2", "..\Game3\Game3.vcxproj", "{A1E6E9A9-82FD-4B04-A95C-E6A9851ADAFA}"
EndProject
Project("{8BC9CEB8-8B4A-11D0-8D11-00A0C91BC942}") = "DoubleBuffering", "..\DoubleBuffering\DoubleBuffering.vcxproj", "{878D5E82-5ADD-45A4-85F4-7141839A6308}"
EndProject
Global
	GlobalSection(SolutionConfigurationPlatforms) = preSolution
		Debug|x64 = Debug|x64
		Debug|x86 = Debug|x86
		Release|x64 = Release|x64
		Release|x86 = Release|x86
	EndGlobalSection
	GlobalSection(ProjectConfigurationPlatforms) = postSolution
		{5C88AC39-0176-4CEE-91EE-A508C4FE484D}.Debug|x64.ActiveCfg = Debug|x64
		{5C88AC39-0176-4CEE-91EE-A508C4FE484D}.Debug|x64.Build.0 = Debug|x64
		{5C88AC39-0176-4CEE-91EE-A508C4FE484D}.Debug|x86.ActiveCfg = Debug|Win32
		{5C88AC39-0176-4CEE-91EE-A508C4FE484D}.Debug|x86.Build.0 = Debug|Win32
		{5C88AC39-0176-4CEE-91EE-A508C4FE484D}.Release|x64.ActiveCfg = Release|x64
		{5C88AC39-0176-4CEE-91EE-A508C4FE484D}.Release|x64.Build.0 = Release|x64
		{5C88AC39-0176-4CEE-91EE-A508C4FE484D}.Release|x86.ActiveCfg = Release|Win32
		{5C88AC39-0176-4CEE-91EE-A508C4FE484D}.Release|x86.Build.0 = Release|Win32
		{E4E49E12-565A-4448-A1AC-8404A6ACF881}.Debug|x64.ActiveCfg = Debug|x64
		{E4E49E12-565A-4448-A1AC-8404A6ACF881}.Debug|x64.Build.0 = Debug|x64
		{E4E49E12-565A-4448-A1AC-8404A6ACF881}.Debug|x86.ActiveCfg = Debug|Win32
		{E4E49E12-565A-4448-A1AC-8404A6ACF881}.Debug|x86.Build.0 = Debug|Win32
		{E4E49E12-565A-4448-A1AC-8404A6ACF881}.Release|x64.ActiveCfg = Release|x64
		{E4E49E12-565A-4448-A1AC-8404A6ACF881}.Release|x64.Build.0 = Release|x64
		{E4E49E12-565A-4448-A1AC-8404A6ACF881}.Release|x86.ActiveCfg = Release|Win32
		{E4E49E12-565A-4448-A1AC-8404A6ACF881}.Release|x86.Build.0 = Release|Win32
		{BA751619-81B6-4EB9-B618-C2D197ACA799}.Debug|x64.ActiveCfg = Debug|x64
		{BA751619-81B6-4EB9-B618-C2D197ACA799}.Debug|x64.Build.0 = Debug|x64
		{BA751619-81B6-4EB9-B618-C2D197ACA799}.Debug|x86.ActiveCfg = Debug|Win32
		{BA751619-81B6-4EB9-B618-C2D197ACA799}.Debug|x86.Build.0 = Debug|Win32
		{BA751619-81B6-4EB9-B618-C2D197ACA799}.Release|x64.ActiveCfg = Release|x64
		{BA751619-81B6-4EB9-B618-C2D197ACA799}.Release|x64.Build.0 = Release|x64
		{BA751619-81B6-4EB9-B618-C2D197ACA799}.Release|x86.ActiveCfg = Release|Win32
		{BA751619-81B6-4EB9-B618-C2D197ACA799}.Release|x86.Build.0 = Release|Win32
		{13D85187-AACE-4F53-B18A-D523870401DF}.Debug|x64.ActiveCfg = Debug|x64
		{13D85187-AACE-4F53-B18A-D523870401DF}.Debug|x64.Build.0 = Debug|x64
		{13D85187-AACE-4F53-B18A-D523870401DF}.Debug|x86.ActiveCfg = Debug|Win32
		{13D85187-AACE-4F53-B18A-D523870401DF}.Debug|x86.Build.0 = Debug|Win32
		{13D85187-AACE-4F53-B18A-D523870401DF}.Release|x64.ActiveCfg = Release|x64
		{13D85187-AACE-4F53-B18A-D523870401DF}.Release|x64.Build.0 = Release|x64
		{13D85187-AACE-4F53-B18A-D523870401DF}.Release|x86.ActiveCfg = Release|Win32
		{13D85187-AACE-4F53-B18A-D523870401DF}.Release|x86.Build.0 = Release|Win32
		{D19C497E-176E-46BB-812B-24D03D4125D7}.Debug|x64.ActiveCfg = Debug|x64
		{D19C497E-176E-46BB-812B-24D03D4125D7}.Debug|x64.Build.0 = Debug|x64
		{D19C497E-176E-46BB-812B-24D03D4125D7}.Debug|x86.ActiveCfg = Debug|Win32
		{D19C497E-176E-46BB-812B-24D03D4125D7}.Debug|x86.Build.0 = Debug|Win32
		{D19C497E-176E-46BB-812B-24D03D4125D7}.Release|x64.ActiveCfg = Release|x64
		{D19C497E-176E-46BB-812B-24D03D4125D7}.Release|x64.Build.0 = Release|x64
		{D19C497E-176E-46BB-812B-24D03D4125D7}.Release|x86.ActiveCfg = Release|Win32
		{D19C497E-176E-46BB-812B-24D03D4125D7}.Release|x86.Build.0 = Release|Win32
		{B63D10EF-4594-49CD-86D5-ED3ABCF9E03F}.Debug|x64.ActiveCfg = Debug|x64
		{B63D10EF-4594-49CD-86D5-ED3ABCF9E03F}.Debug|x64.Build.0 = Debug|x64
		{B63D10EF-4594-49CD-86D5-ED3ABCF9E03F}.Debug|x86.ActiveCfg = Debug|Win32
		{B63D10EF-4594-49CD-86D5-ED3ABCF9E03F}.Debug|x86.Build.0 = Debug|Win32
		{B63D10EF-4594-49CD-86D5-ED3ABCF9E03F}.Release|x64.ActiveCfg = Release|x64
		{B63D10EF-4594-49CD-86D5-ED3ABCF9E03F}.Release|x64.Build.0 = Release|x64
		{B63D10EF-4594-49CD-86D5-ED3ABCF9E03F}.Release|x86.ActiveCfg = Release|Win32
		{B63D10EF-4594-49CD-86D5-ED3ABCF9E03F}.Release|x86.Build.0 = Release|Win32
		{A1E6E9A9-82FD-4B04-A95C-E6A9851ADAFA}.Debug|x64.ActiveCfg = Debug|x64
		{A1E6E9A9-82FD-4B04-A95C-E6A9851ADAFA}.Debug|x64.Build.0 = Debug|x64
		{A1E6E9A9-82FD-4B04-A95C-E6A9851ADAFA}.Debug|x86.ActiveCfg = Debug|Win32
		{A1E6E9A9-82FD-4B04-A95C-E6A9851ADAFA}.Debug|x86.Build.0 = Debug|Win32
		{A1E6E9A9-82FD-4B04-A95C-E6A9851ADAFA}.Release|x64.ActiveCfg = Release|x64
		{A1E6E9A9-82FD-4B04-A95C-E6A9851ADAFA}.Release|x64.Build.0 = Release|x64
		{A1E6E9A9-82FD-4B04-A95C-E6A9851ADAFA}.Release|x86.ActiveCfg = Release|Win32
		{A1E6E9A9-82FD-4B04-A95C-E6A9851ADAFA}.Release|x86.Build.0 = Release|Win32
		{878D5E82-5ADD-45A4-85F4-7141839A6308}.Debug|x64.ActiveCfg = Debug|x64
		{878D5E82-5ADD-45A4-85F4-7141839A6308}.Debug|x64.Build.0 = Debug|x64
		{878D5E82-5ADD-45A4-85F4-7141839A6308}.Debug|x86.ActiveCfg = Debug|Win32
		{878D5E82-5ADD-45A4-85F4-7141839A6308}.Debug|x86.Build.0 = Debug|Win32
		{878D5E82-5ADD-45A4-85F4-7141839A6308}.Release|x64.ActiveCfg = Release|x64
		{878D5E82-5ADD-45A4-85F4-7141839A6308}.Release|x64.Build.0 = Release|x64
		{878D5E82-5ADD-45A4-85F4-7141839A6308}.Release|x86.ActiveCfg = Release|Win32
		{878D5E82-5ADD-45A4-85F4-7141839A6308}.Release|x86.Build.0 = Release|Win32
	EndGlobalSection
	GlobalSection(SolutionProperties) = preSolution
		HideSolutionNode = FALSE
	EndGlobalSection
	GlobalSection(ExtensibilityGlobals) = postSolution
		SolutionGuid = {93A53455-FC14-467C-BB61-99077CDEF28D}
	EndGlobalSection
EndGlobal
